# This file is automatically @generated by Cargo.
# It is not intended for manual editing.
version = 4

[[package]]
name = "api-gateway"
version = "0.1.0"

[[package]]
name = "command-service"
version = "0.1.0"

[[package]]
name = "cqrs"
version = "0.1.0"

[[package]]
name = "domain"
version = "0.1.0"

[[package]]
name = "infrastructure"
version = "0.1.0"

[[package]]
name = "query-service"
version = "0.1.0"

[[package]]
name = "saga-executor"
version = "0.1.0"
